# @generated - this file is auto-generated by `mise lock` https://mise.jdx.dev/dev-tools/mise-lock.html

lockfile_version = 1

[[tools.biome]]
version = "2.5.14"
backend = "aqua:biomejs/biome"
specifiers = ["latest"]

[tools.biome."platforms.linux-arm64"]
checksum = "sha256:50ac7f598985e21b15da57e5d87da0f7ab0c163e6f78eb6d4690309827d77ef8"
url = "https://github.com/biomejs/biome/releases/download/%40biomejs/biome%402.5.14/biome-linux-arm64"
url_api = "https://api.github.com/repos/biomejs/biome/releases/assets/567471272"
provenance = "github-attestations"

[tools.biome."platforms.linux-arm64-musl"]
checksum = "sha256:e97669c6e998e4a160c71bd97757eae21fe8c8cb58a044311096779cd1d00454"
url = "https://github.com/biomejs/biome/releases/download/%40biomejs/biome%402.5.14/biome-linux-arm64-musl"
url_api = "https://api.github.com/repos/biomejs/biome/releases/assets/567471270"
provenance = "github-attestations"

[tools.biome."platforms.linux-x64"]
checksum = "sha256:290c1c85deeaf01310d9187306060b53961574856a7e34f59d9662562e6f19fe"
url = "https://github.com/biomejs/biome/releases/download/%40biomejs/biome%402.5.14/biome-linux-x64"
url_api = "https://api.github.com/repos/biomejs/biome/releases/assets/567471264"
provenance = "github-attestations"

[tools.biome."platforms.linux-x64-musl"]
checksum = "sha256:d15a39b256ca1294fe8f8817f9162f7c26229ca0cb8bd19d0369540c1a01d781"
url = "https://github.com/biomejs/biome/releases/download/%40biomejs/biome%402.5.14/biome-linux-x64-musl"
url_api = "https://api.github.com/repos/biomejs/biome/releases/assets/567471265"
provenance = "github-attestations"

[tools.biome."platforms.macos-arm64"]
checksum = "sha256:3d1194d0a7b720315fb6f8cbafeb5b18ca7100c3e635e8ce82ef46b315de9c0e"
url = "https://github.com/biomejs/biome/releases/download/%40biomejs/biome%402.5.14/biome-darwin-arm64"
url_api = "https://api.github.com/repos/biomejs/biome/releases/assets/567471268"
provenance = "github-attestations"

[tools.biome."platforms.macos-x64"]
checksum = "sha256:b331448d7afb592cc4674e9bd6905eae5e79f5dd9b34b61b44803a6b7a91b801"
url = "https://github.com/biomejs/biome/releases/download/%40biomejs/biome%402.5.14/biome-darwin-x64"
url_api = "https://api.github.com/repos/biomejs/biome/releases/assets/567471271"
provenance = "github-attestations"

[tools.biome."platforms.windows-x64"]
checksum = "sha256:bef8f088617c8364314f55dffdc7b8ddabe12fee9e1e71f45f708a7027579280"
url = "https://github.com/biomejs/biome/releases/download/%40biomejs/biome%402.5.14/biome-win32-x64.exe"
url_api = "https://api.github.com/repos/biomejs/biome/releases/assets/567471269"
provenance = "github-attestations"

[[tools.node]]
version = "24.21.0"
backend = "core:node"
specifiers = ["lts"]

[tools.node."platforms.linux-arm64"]
checksum = "sha256:724282c3b43aec998aa9527380465b45d229e021b58035f5f4f63095eabfe5d5"
url = "https://nodejs.org/dist/v24.21.0/node-v24.21.0-linux-arm64.tar.gz"

[tools.node."platforms.linux-arm64-musl"]
checksum = "sha256:3048b0811e158ca0d8672b59c839861763e144492980d8d29b369dfee45747e4"
url = "https://unofficial-builds.nodejs.org/download/release/v24.21.0/node-v24.21.0-linux-arm64-musl.tar.gz"

[tools.node."platforms.linux-x64"]
checksum = "sha256:6e1db87ef58b8819e5d5402eff1536491b18edd8eb7bee5ef7897876e88dc5ff"
url = "https://nodejs.org/dist/v24.21.0/node-v24.21.0-linux-x64.tar.gz"

[tools.node."platforms.linux-x64-musl"]
checksum = "sha256:01a713e34da98e7b4d2a3191ee7ca3f93dd0384d1a2ef23c379b2161ee6e133a"
url = "https://unofficial-builds.nodejs.org/download/release/v24.21.0/node-v24.21.0-linux-x64-musl.tar.gz"

[tools.node."platforms.macos-arm64"]
checksum = "sha256:bed7eea5325e1108f32ce5228ddd6a5f0f08a499ee42aa7442aea583702f6057"
url = "https://nodejs.org/dist/v24.21.0/node-v24.21.0-darwin-arm64.tar.gz"

[tools.node."platforms.macos-x64"]
checksum = "sha256:1462cb3b3046b815cf8ea436d3da450ec1a9f11dac7e5a46b0ada5305d7e8097"
url = "https://nodejs.org/dist/v24.21.0/node-v24.21.0-darwin-x64.tar.gz"

[tools.node."platforms.windows-x64"]
checksum = "sha256:158f7685b44de51f6c0df1d153526cbcd3e1bc739a8dfc607721cef75de9e541"
url = "https://nodejs.org/dist/v24.21.0/node-v24.21.0-win-x64.zip"

[[tools.pnpm]]
version = "12.4.2"
backend = "aqua:pnpm/pnpm"
specifiers = ["latest"]

[tools.pnpm."platforms.linux-arm64"]
checksum = "sha256:dc4a29d9848ef005bec3d36d49aae84b115ec3b18c110a3a7f33c37f7fd520bf"
url = "https://github.com/pnpm/pnpm/releases/download/v12.4.2/pnpm-linux-arm64.tar.gz"
url_api = "https://api.github.com/repos/pnpm/pnpm/releases/assets/565468071"
provenance = "github-attestations"

[tools.pnpm."platforms.linux-arm64-musl"]
checksum = "sha256:bf7597812c814030e759c20691dab88a1b271f495576fdbc4dae568458367105"
url = "https://github.com/pnpm/pnpm/releases/download/v12.4.2/pnpm-linux-arm64-musl.tar.gz"
url_api = "https://api.github.com/repos/pnpm/pnpm/releases/assets/565468074"
provenance = "github-attestations"

[tools.pnpm."platforms.linux-x64"]
checksum = "sha256:ce1ed690fe9c2f091d7267e1afbe9380abb08bb577e95348fda194a41147d2ec"
url = "https://github.com/pnpm/pnpm/releases/download/v12.4.2/pnpm-linux-x64.tar.gz"
url_api = "https://api.github.com/repos/pnpm/pnpm/releases/assets/565468079"
provenance = "github-attestations"

[tools.pnpm."platforms.linux-x64-musl"]
checksum = "sha256:5ac22f6d1da756482490a10b3be1b929a62fa1022a5b034b37856fab609cbd6c"
url = "https://github.com/pnpm/pnpm/releases/download/v12.4.2/pnpm-linux-x64-musl.tar.gz"
url_api = "https://api.github.com/repos/pnpm/pnpm/releases/assets/565468072"
provenance = "github-attestations"

[tools.pnpm."platforms.macos-arm64"]
checksum = "sha256:5aae95a95f0a98f9372dee7d1797386011fa6571b06b82554c7c7847d201308e"
url = "https://github.com/pnpm/pnpm/releases/download/v12.4.2/pnpm-darwin-arm64.tar.gz"
url_api = "https://api.github.com/repos/pnpm/pnpm/releases/assets/565468070"
provenance = "github-attestations"

[tools.pnpm."platforms.windows-x64"]
checksum = "sha256:da35e3f401674646968243b0aa1984e910d94de735e04936db22e7554791518d"
url = "https://github.com/pnpm/pnpm/releases/download/v12.4.2/pnpm-win32-x64.zip"
url_api = "https://api.github.com/repos/pnpm/pnpm/releases/assets/565468081"
provenance = "github-attestations"

[[tools.prek]]
version = "0.5.3"
backend = "aqua:j178/prek"
specifiers = ["latest"]

[tools.prek."platforms.linux-arm64"]
checksum = "sha256:4cfc936895e8b4e1e2f92daca61bb7c8eb123bac14585ba9f706b599776cdcc8"
url = "https://github.com/j178/prek/releases/download/v0.5.3/prek-aarch64-unknown-linux-gnu.tar.gz"
url_api = "https://api.github.com/repos/j178/prek/releases/assets/560889195"
provenance = "github-attestations"

[tools.prek."platforms.linux-arm64-musl"]
checksum = "sha256:ad3fe48802a02ec82286ab842c4a09a4e1db765e402f1fcc016f75b6929ec480"
url = "https://github.com/j178/prek/releases/download/v0.5.3/prek-aarch64-unknown-linux-musl.tar.gz"
url_api = "https://api.github.com/repos/j178/prek/releases/assets/560889200"
provenance = "github-attestations"

[tools.prek."platforms.linux-x64"]
checksum = "sha256:c1475ddc56df0003c780557d9b52273d9eb19c9ef8d91143f3ce03511182a36e"
url = "https://github.com/j178/prek/releases/download/v0.5.3/prek-x86_64-unknown-linux-gnu.tar.gz"
url_api = "https://api.github.com/repos/j178/prek/releases/assets/560889224"
provenance = "github-attestations"

[tools.prek."platforms.linux-x64-musl"]
checksum = "sha256:d4eae1f31c0817d0a9bfa532d4bb66df60a8b01f121def002021915e826c3d1f"
url = "https://github.com/j178/prek/releases/download/v0.5.3/prek-x86_64-unknown-linux-musl.tar.gz"
url_api = "https://api.github.com/repos/j178/prek/releases/assets/560889232"
provenance = "github-attestations"

[tools.prek."platforms.macos-arm64"]
checksum = "sha256:6006cc4e69cfc86d55f4e407ca60ba960a521befa54fece94038639b1f4de381"
url = "https://github.com/j178/prek/releases/download/v0.5.3/prek-aarch64-apple-darwin.tar.gz"
url_api = "https://api.github.com/repos/j178/prek/releases/assets/560889174"
provenance = "github-attestations"

[tools.prek."platforms.macos-x64"]
checksum = "sha256:874f05d12e7cb672758295b5253dfd05aadad3c2bcaa42ae712b917294629b07"
url = "https://github.com/j178/prek/releases/download/v0.5.3/prek-x86_64-apple-darwin.tar.gz"
url_api = "https://api.github.com/repos/j178/prek/releases/assets/560889217"
provenance = "github-attestations"

[tools.prek."platforms.windows-x64"]
checksum = "sha256:c15a5636bf93a3937507d8da2302b074b0946b3d35882471b002ea93586728d8"
url = "https://github.com/j178/prek/releases/download/v0.5.3/prek-x86_64-pc-windows-msvc.zip"
url_api = "https://api.github.com/repos/j178/prek/releases/assets/560889220"
provenance = "github-attestations"

[[tools.rumdl]]
version = "0.2.73"
backend = "aqua:rvben/rumdl"
specifiers = ["latest"]

[tools.rumdl."platforms.linux-arm64"]
checksum = "sha256:83fb9a5899d192b828625f21cb26f8971dc5e6c280a947594db1f0932cb9e7df"
url = "https://github.com/rvben/rumdl/releases/download/v0.2.73/rumdl-v0.2.73-aarch64-unknown-linux-gnu.tar.gz"
url_api = "https://api.github.com/repos/rvben/rumdl/releases/assets/557839622"
provenance = "github-attestations"

[tools.rumdl."platforms.linux-arm64-musl"]
checksum = "sha256:f51548adfc71c4982cb5cc239d847bcd4c884e6ac8dc67efd68efd3eea9753a4"
url = "https://github.com/rvben/rumdl/releases/download/v0.2.73/rumdl-v0.2.73-aarch64-unknown-linux-musl.tar.gz"
url_api = "https://api.github.com/repos/rvben/rumdl/releases/assets/557839618"
provenance = "github-attestations"

[tools.rumdl."platforms.linux-x64"]
checksum = "sha256:d56a8e40471af32fe3229e845f3e299e3691665b15cd4ca28f2deb502c487666"
url = "https://github.com/rvben/rumdl/releases/download/v0.2.73/rumdl-v0.2.73-x86_64-unknown-linux-gnu.tar.gz"
url_api = "https://api.github.com/repos/rvben/rumdl/releases/assets/557839623"
provenance = "github-attestations"

[tools.rumdl."platforms.linux-x64-musl"]
checksum = "sha256:dc4aa9bf98f936f667039224a34fc2e26ddf6be3589bf59d63e4d6b038be4f5c"
url = "https://github.com/rvben/rumdl/releases/download/v0.2.73/rumdl-v0.2.73-x86_64-unknown-linux-musl.tar.gz"
url_api = "https://api.github.com/repos/rvben/rumdl/releases/assets/557839615"
provenance = "github-attestations"

[tools.rumdl."platforms.macos-arm64"]
checksum = "sha256:54e0e7c3031b8bfa37e3c57104cc0c93988e02f5b7023c1804749fd180822f9e"
url = "https://github.com/rvben/rumdl/releases/download/v0.2.73/rumdl-v0.2.73-aarch64-apple-darwin.tar.gz"
url_api = "https://api.github.com/repos/rvben/rumdl/releases/assets/557839617"
provenance = "github-attestations"

[tools.rumdl."platforms.macos-x64"]
checksum = "sha256:ad181073e75df52e982025d1f5a9508ef6588f895ef5f78227301499325ea132"
url = "https://github.com/rvben/rumdl/releases/download/v0.2.73/rumdl-v0.2.73-x86_64-apple-darwin.tar.gz"
url_api = "https://api.github.com/repos/rvben/rumdl/releases/assets/557839628"
provenance = "github-attestations"

[tools.rumdl."platforms.windows-x64"]
checksum = "sha256:bc6c86d61588e9c92ec9927903ed4973986d30b94d042732ddf62424755dd3c8"
url = "https://github.com/rvben/rumdl/releases/download/v0.2.73/rumdl-v0.2.73-x86_64-pc-windows-msvc.zip"
url_api = "https://api.github.com/repos/rvben/rumdl/releases/assets/557839616"
provenance = "github-attestations"

[[tools.shellcheck]]
version = "0.11.0"
backend = "aqua:koalaman/shellcheck"
specifiers = ["latest"]

[tools.shellcheck."platforms.linux-arm64"]
checksum = "sha256:12b331c1d2db6b9eb13cfca64306b1b157a86eb69db83023e261eaa7e7c14588"
url = "https://github.com/koalaman/shellcheck/releases/download/v0.11.0/shellcheck-v0.11.0.linux.aarch64.tar.xz"
url_api = "https://api.github.com/repos/koalaman/shellcheck/releases/assets/279056934"

[tools.shellcheck."platforms.linux-arm64-musl"]
checksum = "sha256:12b331c1d2db6b9eb13cfca64306b1b157a86eb69db83023e261eaa7e7c14588"
url = "https://github.com/koalaman/shellcheck/releases/download/v0.11.0/shellcheck-v0.11.0.linux.aarch64.tar.xz"
url_api = "https://api.github.com/repos/koalaman/shellcheck/releases/assets/279056934"

[tools.shellcheck."platforms.linux-x64"]
checksum = "sha256:8c3be12b05d5c177a04c29e3c78ce89ac86f1595681cab149b65b97c4e227198"
url = "https://github.com/koalaman/shellcheck/releases/download/v0.11.0/shellcheck-v0.11.0.linux.x86_64.tar.xz"
url_api = "https://api.github.com/repos/koalaman/shellcheck/releases/assets/279056942"

[tools.shellcheck."platforms.linux-x64-musl"]
checksum = "sha256:8c3be12b05d5c177a04c29e3c78ce89ac86f1595681cab149b65b97c4e227198"
url = "https://github.com/koalaman/shellcheck/releases/download/v0.11.0/shellcheck-v0.11.0.linux.x86_64.tar.xz"
url_api = "https://api.github.com/repos/koalaman/shellcheck/releases/assets/279056942"

[tools.shellcheck."platforms.macos-arm64"]
checksum = "sha256:56affdd8de5527894dca6dc3d7e0a99a873b0f004d7aabc30ae407d3f48b0a79"
url = "https://github.com/koalaman/shellcheck/releases/download/v0.11.0/shellcheck-v0.11.0.darwin.aarch64.tar.xz"
url_api = "https://api.github.com/repos/koalaman/shellcheck/releases/assets/279056932"

[tools.shellcheck."platforms.macos-x64"]
checksum = "sha256:3c89db4edcab7cf1c27bff178882e0f6f27f7afdf54e859fa041fca10febe4c6"
url = "https://github.com/koalaman/shellcheck/releases/download/v0.11.0/shellcheck-v0.11.0.darwin.x86_64.tar.xz"
url_api = "https://api.github.com/repos/koalaman/shellcheck/releases/assets/279056930"

[tools.shellcheck."platforms.windows-x64"]
checksum = "sha256:8a4e35ab0b331c85d73567b12f2a444df187f483e5079ceffa6bda1faa2e740e"
url = "https://github.com/koalaman/shellcheck/releases/download/v0.11.0/shellcheck-v0.11.0.zip"
url_api = "https://api.github.com/repos/koalaman/shellcheck/releases/assets/279056944"
